PODS:
  - Realm (3.16.1):
    - Realm/Headers (= 3.16.1)
  - Realm/Headers (3.16.1)
  - RealmSwift (3.16.1):
    - Realm (= 3.16.1)

DEPENDENCIES:
  - RealmSwift

SPEC REPOS:
  https://github.com/cocoapods/specs.git:
    - Realm
    - RealmSwift

SPEC CHECKSUMS:
  Realm: 601cacc51d8be3b17a377ef787be0f6ee0e76cf1
  RealmSwift: 486f2e09d5a8ccff63ed66e48d0846b111deb5e5

PODFILE CHECKSUM: a538da19e78752374ceb696e39da2514a86bc4b7

COCOAPODS: 1.5.3
